
Microsoft Visual Studio Solution File, Format Version 12.00
# Visual Studio Version 17
VisualStudioVersion = 17.10.35027.167
MinimumVisualStudioVersion = 10.0.40219.1
Project("{FAE04EC0-301F-11D3-BF4B-00C04F79EFBC}") = "Abstraction", "Abstraction\Abstraction.csproj", "{F5AA2A5B-16E7-4ADF-9C34-999659C0A54D}"
EndProject
Global
	GlobalSection(SolutionConfigurationPlatforms) = preSolution
		Debug|Any CPU = Debug|Any CPU
		Release|Any CPU = Release|Any CPU
	EndGlobalSection
	GlobalSection(ProjectConfigurationPlatforms) = postSolution
		{F5AA2A5B-16E7-4ADF-9C34-999659C0A54D}.Debug|Any CPU.ActiveCfg = Debug|Any CPU
		{F5AA2A5B-16E7-4ADF-9C34-999659C0A54D}.Debug|Any CPU.Build.0 = Debug|Any CPU
		{F5AA2A5B-16E7-4ADF-9C34-999659C0A54D}.Release|Any CPU.ActiveCfg = Release|Any CPU
		{F5AA2A5B-16E7-4ADF-9C34-999659C0A54D}.Release|Any CPU.Build.0 = Release|Any CPU
	EndGlobalSection
	GlobalSection(SolutionProperties) = preSolution
		HideSolutionNode = FALSE
	EndGlobalSection
	GlobalSection(ExtensibilityGlobals) = postSolution
		SolutionGuid = {17393543-8CFB-46FF-ACC9-C8999E67060D}
	EndGlobalSection
EndGlobal
